
Microsoft Visual Studio Solution File, Format Version 12.00
# Visual Studio Version 17
VisualStudioVersion = 17.3.32901.215
MinimumVisualStudioVersion = 10.0.40219.1
Project("{FAE04EC0-301F-11D3-BF4B-00C04F79EFBC}") = "MusicInstrument", "MusicInstrument\MusicInstrument.csproj", "{8BFA5ABA-C32E-4C85-B532-EE230FDA2C12}"
EndProject
Global
	GlobalSection(SolutionConfigurationPlatforms) = preSolution
		Debug|Any CPU = Debug|Any CPU
		Release|Any CPU = Release|Any CPU
	EndGlobalSection
	GlobalSection(ProjectConfigurationPlatforms) = postSolution
		{8BFA5ABA-C32E-4C85-B532-EE230FDA2C12}.Debug|Any CPU.ActiveCfg = Debug|Any CPU
		{8BFA5ABA-C32E-4C85-B532-EE230FDA2C12}.Debug|Any CPU.Build.0 = Debug|Any CPU
		{8BFA5ABA-C32E-4C85-B532-EE230FDA2C12}.Release|Any CPU.ActiveCfg = Release|Any CPU
		{8BFA5ABA-C32E-4C85-B532-EE230FDA2C12}.Release|Any CPU.Build.0 = Release|Any CPU
	EndGlobalSection
	GlobalSection(SolutionProperties) = preSolution
		HideSolutionNode = FALSE
	EndGlobalSection
	GlobalSection(ExtensibilityGlobals) = postSolution
		SolutionGuid = {1582E603-3628-44BE-8B19-665AEB41A40F}
	EndGlobalSection
EndGlobal
